
Microsoft Visual Studio Solution File, Format Version 12.00
# Visual Studio 2013
VisualStudioVersion = 12.0.40121.0
MinimumVisualStudioVersion = 10.0.40219.1
Project("{FAE04EC0-301F-11D3-BF4B-00C04F79EFBC}") = "EF-StringLength-Attribute", "EF-StringLength-Attribute\EF-StringLength-Attribute.csproj", "{0255F582-D2A6-4A18-AF0E-C345AE55A26C}"
EndProject
Global
	GlobalSection(SolutionConfigurationPlatforms) = preSolution
		Debug|Any CPU = Debug|Any CPU
		Release|Any CPU = Release|Any CPU
	EndGlobalSection
	GlobalSection(ProjectConfigurationPlatforms) = postSolution
		{0255F582-D2A6-4A18-AF0E-C345AE55A26C}.Debug|Any CPU.ActiveCfg = Debug|Any CPU
		{0255F582-D2A6-4A18-AF0E-C345AE55A26C}.Debug|Any CPU.Build.0 = Debug|Any CPU
		{0255F582-D2A6-4A18-AF0E-C345AE55A26C}.Release|Any CPU.ActiveCfg = Release|Any CPU
		{0255F582-D2A6-4A18-AF0E-C345AE55A26C}.Release|Any CPU.Build.0 = Release|Any CPU
	EndGlobalSection
	GlobalSection(SolutionProperties) = preSolution
		HideSolutionNode = FALSE
	EndGlobalSection
EndGlobal
